<?xml version="1.0" encoding="utf-8"?>
<Project ToolsVersion="4.0" xmlns="http://schemas.microsoft.com/developer/msbuild/2003">
  <ItemGroup>
    <Filter Include="Source Files">
      <UniqueIdentifier>{4FC737F1-C7A5-4376-A066-2A32D752A2FF}</UniqueIdentifier>
      <Extensions>cpp;c;cc;cxx;def;odl;idl;hpj;bat;asm;asmx</Extensions>
    </Filter>
    <Filter Include="Header Files">
      <UniqueIdentifier>{93995380-89BD-4b04-88EB-625FBE52EBFB}</UniqueIdentifier>
      <Extensions>h;hh;hpp;hxx;hm;inl;inc;ipp;xsd</Extensions>
    </Filter>
    <Filter Include="Resource Files">
      <UniqueIdentifier>{67DA6AB6-F800-4c08-8B7A-83BB121AAD01}</UniqueIdentifier>
      <Extensions>rc;ico;cur;bmp;dlg;rc2;rct;bin;rgs;gif;jpg;jpeg;jpe;resx;tiff;tif;png;wav;mfcribbon-ms</Extensions>
    </Filter>
  </ItemGroup>
  <ItemGroup>
    <ClInclude Include="stdafx.h">
      <Filter>Header Files</Filter>
    </ClInclude>
    <ClInclude Include="MilFilter.h">
      <Filter>Header Files</Filter>
    </ClInclude>
    <ClInclude Include="MilApplication.h">
      <Filter>Header Files</Filter>
    </ClInclude>
    <ClInclude Include="MilBlob.h">
      <Filter>Header Files</Filter>
    </ClInclude>
    <ClInclude Include="MilImage.h">
      <Filter>Header Files</Filter>
    </ClInclude>
    <ClInclude Include="MilSystem.h">
      <Filter>Header Files</Filter>
    </ClInclude>
    <ClInclude Include="BlobFeature.h">
      <Filter>Header Files</Filter>
    </ClInclude>
    <ClInclude Include="Enumerator.h">
      <Filter>Header Files</Filter>
    </ClInclude>
    <ClInclude Include="MModelOffsetInfo.h">
      <Filter>Header Files</Filter>
    </ClInclude>
    <ClInclude Include="MBlobBox.h">
      <Filter>Header Files</Filter>
    </ClInclude>
    <ClInclude Include="MilArith.h">
      <Filter>Header Files</Filter>
    </ClInclude>
    <ClInclude Include="MilCircleFind.h">
      <Filter>Header Files</Filter>
    </ClInclude>
    <ClInclude Include="MCircleFindResultInfo.h">
      <Filter>Header Files</Filter>
    </ClInclude>
    <ClInclude Include="MCircleMarkerResultInfo.h">
      <Filter>Header Files</Filter>
    </ClInclude>
    <ClInclude Include="MilCircleMarker.h">
      <Filter>Header Files</Filter>
    </ClInclude>
    <ClInclude Include="MilGraphic.h">
      <Filter>Header Files</Filter>
    </ClInclude>
    <ClInclude Include="CustomRectParam.h">
      <Filter>Header Files</Filter>
    </ClInclude>
    <ClInclude Include="MilIm.h">
      <Filter>Header Files</Filter>
    </ClInclude>
    <ClInclude Include="MilModelFind.h">
      <Filter>Header Files</Filter>
    </ClInclude>
    <ClInclude Include="MModelFindResultInfo.h">
      <Filter>Header Files</Filter>
    </ClInclude>
    <ClInclude Include="MPatternMatchingResultInfo.h">
      <Filter>Header Files</Filter>
    </ClInclude>
    <ClInclude Include="MilPatternFind.h">
      <Filter>Header Files</Filter>
    </ClInclude>
  </ItemGroup>
  <ItemGroup>
    <ClCompile Include="AssemblyInfo.cpp">
      <Filter>Source Files</Filter>
    </ClCompile>
    <ClCompile Include="stdafx.cpp">
      <Filter>Source Files</Filter>
    </ClCompile>
    <ClCompile Include="MilFilter.cpp">
      <Filter>Source Files</Filter>
    </ClCompile>
    <ClCompile Include="MilApplication.cpp">
      <Filter>Source Files</Filter>
    </ClCompile>
    <ClCompile Include="MilBlob.cpp">
      <Filter>Source Files</Filter>
    </ClCompile>
    <ClCompile Include="MilImage.cpp">
      <Filter>Source Files</Filter>
    </ClCompile>
    <ClCompile Include="MilSystem.cpp">
      <Filter>Source Files</Filter>
    </ClCompile>
    <ClCompile Include="BlobFeature.cpp">
      <Filter>Source Files</Filter>
    </ClCompile>
    <ClCompile Include="MModelOffsetInfo.cpp">
      <Filter>Source Files</Filter>
    </ClCompile>
    <ClCompile Include="MBlobBox.cpp">
      <Filter>Source Files</Filter>
    </ClCompile>
    <ClCompile Include="MilArith.cpp">
      <Filter>Source Files</Filter>
    </ClCompile>
    <ClCompile Include="MilCircleFind.cpp">
      <Filter>Source Files</Filter>
    </ClCompile>
    <ClCompile Include="MCircleFindResultInfo.cpp">
      <Filter>Source Files</Filter>
    </ClCompile>
    <ClCompile Include="MCircleMarkerResultInfo.cpp">
      <Filter>Source Files</Filter>
    </ClCompile>
    <ClCompile Include="MilCircleMarker.cpp">
      <Filter>Source Files</Filter>
    </ClCompile>
    <ClCompile Include="MilGraphic.cpp">
      <Filter>Source Files</Filter>
    </ClCompile>
    <ClCompile Include="CustomRectParam.cpp">
      <Filter>Source Files</Filter>
    </ClCompile>
    <ClCompile Include="MilIm.cpp">
      <Filter>Source Files</Filter>
    </ClCompile>
    <ClCompile Include="MilModelFind.cpp">
      <Filter>Source Files</Filter>
    </ClCompile>
    <ClCompile Include="MModelFindResultInfo.cpp">
      <Filter>Source Files</Filter>
    </ClCompile>
    <ClCompile Include="MPatternMatchingResultInfo.cpp">
      <Filter>Source Files</Filter>
    </ClCompile>
    <ClCompile Include="MilPatternFind.cpp">
      <Filter>Source Files</Filter>
    </ClCompile>
  </ItemGroup>
  <ItemGroup>
    <ResourceCompile Include="app.rc">
      <Filter>Resource Files</Filter>
    </ResourceCompile>
  </ItemGroup>
  <ItemGroup>
    <Image Include="app.ico">
      <Filter>Resource Files</Filter>
    </Image>
  </ItemGroup>
</Project>